
Microsoft Visual Studio Solution File, Format Version 12.00
# Visual Studio 15
VisualStudioVersion = 15.0.28307.168
MinimumVisualStudioVersion = 10.0.40219.1
Project("{FAE04EC0-301F-11D3-BF4B-00C04F79EFBC}") = "TerrariaDimensions", "TerrariaDimensions.csproj", "{BD1FEBC3-2F8B-43B0-9D98-E6AB60DDADB3}"
EndProject
Global
	GlobalSection(SolutionConfigurationPlatforms) = preSolution
		Debug|Any CPU = Debug|Any CPU
		Release|Any CPU = Release|Any CPU
	EndGlobalSection
	GlobalSection(ProjectConfigurationPlatforms) = postSolution
		{BD1FEBC3-2F8B-43B0-9D98-E6AB60DDADB3}.Debug|Any CPU.ActiveCfg = Debug|Any CPU
		{BD1FEBC3-2F8B-43B0-9D98-E6AB60DDADB3}.Debug|Any CPU.Build.0 = Debug|Any CPU
		{BD1FEBC3-2F8B-43B0-9D98-E6AB60DDADB3}.Release|Any CPU.ActiveCfg = Release|Any CPU
		{BD1FEBC3-2F8B-43B0-9D98-E6AB60DDADB3}.Release|Any CPU.Build.0 = Release|Any CPU
	EndGlobalSection
	GlobalSection(SolutionProperties) = preSolution
		HideSolutionNode = FALSE
	EndGlobalSection
	GlobalSection(ExtensibilityGlobals) = postSolution
		SolutionGuid = {26B3610C-03B2-4572-8ED5-CD4B649B5586}
	EndGlobalSection
EndGlobal
